// !$*UTF8*$!
{
	archiveVersion = 1;
	classes = {
	};
	objectVersion = 55;
	objects = {

/* Begin PBXBuildFile section */
		162E81E9A69AE5AD9D8108E5 /* Pods_NotificationFireBase.framework in Frameworks */ = {isa = PBXBuildFile; fileRef = 7419B29BC7AC999CE0900D5B /* Pods_NotificationFireBase.framework */; };
		CC5102A42774FEC800C67CB1 /* AppDelegate.swift in Sources */ = {isa = PBXBuildFile; fileRef = CC5102A32774FEC800C67CB1 /* AppDelegate.swift */; };
		CC5102A62774FEC800C67CB1 /* SceneDelegate.swift in Sources */ = {isa = PBXBuildFile; fileRef = CC5102A52774FEC800C67CB1 /* SceneDelegate.swift */; };
		CC5102A82774FEC800C67CB1 /* ViewController.swift in Sources */ = {isa = PBXBuildFile; fileRef = CC5102A72774FEC800C67CB1 /* ViewController.swift */; };
		CC5102AB2774FEC800C67CB1 /* Main.storyboard in Resources */ = {isa = PBXBuildFile; fileRef = CC5102A92774FEC800C67CB1 /* Main.storyboard */; };
		CC5102AD2774FECB00C67CB1 /* Assets.xcassets in Resources */ = {isa = PBXBuildFile; fileRef = CC5102AC2774FECB00C67CB1 /* Assets.xcassets */; };
		CC5102B02774FECB00C67CB1 /* LaunchScreen.storyboard in Resources */ = {isa = PBXBuildFile; fileRef = CC5102AE2774FECB00C67CB1 /* LaunchScreen.storyboard */; };
		CC5102B82774FF4000C67CB1 /* GoogleService-Info.plist in Resources */ = {isa = PBXBuildFile; fileRef = CC5102B72774FF4000C67CB1 /* GoogleService-Info.plist */; };
/* End PBXBuildFile section */

/* Begin PBXFileReference section */
		29FA6E0E413750E7F9EA5138 /* Pods-NotificationFireBase.release.xcconfig */ = {isa = PBXFileReference; includeInIndex = 1; lastKnownFileType = text.xcconfig; name = "Pods-NotificationFireBase.release.xcconfig"; path = "Target Support Files/Pods-NotificationFireBase/Pods-NotificationFireBase.release.xcconfig"; sourceTree = "<group>"; };
		7419B29BC7AC999CE0900D5B /* Pods_NotificationFireBase.framework */ = {isa = PBXFileReference; explicitFileType = wrapper.framework; includeInIndex = 0; path = Pods_NotificationFireBase.framework; sourceTree = BUILT_PRODUCTS_DIR; };
		CC07913C2775107C00BECCF8 /* NotificationFireBase.entitlements */ = {isa = PBXFileReference; lastKnownFileType = text.plist.entitlements; path = NotificationFireBase.entitlements; sourceTree = "<group>"; };
		CC5102A02774FEC800C67CB1 /* NotificationFireBase.app */ = {isa = PBXFileReference; explicitFileType = wrapper.application; includeInIndex = 0; path = NotificationFireBase.app; sourceTree = BUILT_PRODUCTS_DIR; };
		CC5102A32774FEC800C67CB1 /* AppDelegate.swift */ = {isa = PBXFileReference; lastKnownFileType = sourcecode.swift; path = AppDelegate.swift; sourceTree = "<group>"; };
		CC5102A52774FEC800C67CB1 /* SceneDelegate.swift */ = {isa = PBXFileReference; lastKnownFileType = sourcecode.swift; path = SceneDelegate.swift; sourceTree = "<group>"; };
		CC5102A72774FEC800C67CB1 /* ViewController.swift */ = {isa = PBXFileReference; lastKnownFileType = sourcecode.swift; path = ViewController.swift; sourceTree = "<group>"; };
		CC5102AA2774FEC800C67CB1 /* Base */ = {isa = PBXFileReference; lastKnownFileType = file.storyboard; name = Base; path = Base.lproj/Main.storyboard; sourceTree = "<group>"; };
		CC5102AC2774FECB00C67CB1 /* Assets.xcassets */ = {isa = PBXFileReference; lastKnownFileType = folder.assetcatalog; path = Assets.xcassets; sourceTree = "<group>"; };
		CC5102AF2774FECB00C67CB1 /* Base */ = {isa = PBXFileReference; lastKnownFileType = file.storyboard; name = Base; path = Base.lproj/LaunchScreen.storyboard; sourceTree = "<group>"; };
		CC5102B12774FECB00C67CB1 /* Info.plist */ = {isa = PBXFileReference; lastKnownFileType = text.plist.xml; path = Info.plist; sourceTree = "<group>"; };
		CC5102B72774FF4000C67CB1 /* GoogleService-Info.plist */ = {isa = PBXFileReference; fileEncoding = 4; lastKnownFileType = text.plist.xml; path = "GoogleService-Info.plist"; sourceTree = "<group>"; };
		E9319BA0F97EA96504353D22 /* Pods-NotificationFireBase.debug.xcconfig */ = {isa = PBXFileReference; includeInIndex = 1; lastKnownFileType = text.xcconfig; name = "Pods-NotificationFireBase.debug.xcconfig"; path = "Target Support Files/Pods-NotificationFireBase/Pods-NotificationFireBase.debug.xcconfig"; sourceTree = "<group>"; };
/* End PBXFileReference section */

/* Begin PBXFrameworksBuildPhase section */
		CC51029D2774FEC800C67CB1 /* Frameworks */ = {
			isa = PBXFrameworksBuildPhase;
			buildActionMask = 2147483647;
			files = (
				162E81E9A69AE5AD9D8108E5 /* Pods_NotificationFireBase.framework in Frameworks */,
			);
			runOnlyForDeploymentPostprocessing = 0;
		};
/* End PBXFrameworksBuildPhase section */

/* Begin PBXGroup section */
		009F6A2D6C2493572AC38C34 /* Frameworks */ = {
			isa = PBXGroup;
			children = (
				7419B29BC7AC999CE0900D5B /* Pods_NotificationFireBase.framework */,
			);
			name = Frameworks;
			sourceTree = "<group>";
		};
		4C26DA8A76CECF85BFDEC18E /* Pods */ = {
			isa = PBXGroup;
			children = (
				E9319BA0F97EA96504353D22 /* Pods-NotificationFireBase.debug.xcconfig */,
				29FA6E0E413750E7F9EA5138 /* Pods-NotificationFireBase.release.xcconfig */,
			);
			path = Pods;
			sourceTree = "<group>";
		};
		CC5102972774FEC800C67CB1 = {
			isa = PBXGroup;
			children = (
				CC5102A22774FEC800C67CB1 /* NotificationFireBase */,
				CC5102A12774FEC800C67CB1 /* Products */,
				4C26DA8A76CECF85BFDEC18E /* Pods */,
				009F6A2D6C2493572AC38C34 /* Frameworks */,
			);
			sourceTree = "<group>";
		};
		CC5102A12774FEC800C67CB1 /* Products */ = {
			isa = PBXGroup;
			children = (
				CC5102A02774FEC800C67CB1 /* NotificationFireBase.app */,
			);
			name = Products;
			sourceTree = "<group>";
		};
		CC5102A22774FEC800C67CB1 /* NotificationFireBase */ = {
			isa = PBXGroup;
			children = (
				CC07913C2775107C00BECCF8 /* NotificationFireBase.entitlements */,
				CC5102A32774FEC800C67CB1 /* AppDelegate.swift */,
				CC5102A52774FEC800C67CB1 /* SceneDelegate.swift */,
				CC5102A72774FEC800C67CB1 /* ViewController.swift */,
				CC5102A92774FEC800C67CB1 /* Main.storyboard */,
				CC5102AC2774FECB00C67CB1 /* Assets.xcassets */,
				CC5102AE2774FECB00C67CB1 /* LaunchScreen.storyboard */,
				CC5102B12774FECB00C67CB1 /* Info.plist */,
				CC5102B72774FF4000C67CB1 /* GoogleService-Info.plist */,
			);
			path = NotificationFireBase;
			sourceTree = "<group>";
		};
/* End PBXGroup section */

/* Begin PBXNativeTarget section */
		CC51029F2774FEC800C67CB1 /* NotificationFireBase */ = {
			isa = PBXNativeTarget;
			buildConfigurationList = CC5102B42774FECB00C67CB1 /* Build configuration list for PBXNativeTarget "NotificationFireBase" */;
			buildPhases = (
				5D85A8824023F34802F6AC91 /* [CP] Check Pods Manifest.lock */,
				CC51029C2774FEC800C67CB1 /* Sources */,
				CC51029D2774FEC800C67CB1 /* Frameworks */,
				CC51029E2774FEC800C67CB1 /* Resources */,
				F3E65C7FC3EABF7261A67970 /* [CP] Embed Pods Frameworks */,
			);
			buildRules = (
			);
			dependencies = (
			);
			name = NotificationFireBase;
			productName = NotificationFireBase;
			productReference = CC5102A02774FEC800C67CB1 /* NotificationFireBase.app */;
			productType = "com.apple.product-type.application";
		};
/* End PBXNativeTarget section */

/* Begin PBXProject section */
		CC5102982774FEC800C67CB1 /* Project object */ = {
			isa = PBXProject;
			attributes = {
				BuildIndependentTargetsInParallel = 1;
				LastSwiftUpdateCheck = 1310;
				LastUpgradeCheck = 1310;
				TargetAttributes = {
					CC51029F2774FEC800C67CB1 = {
						CreatedOnToolsVersion = 13.1;
					};
				};
			};
			buildConfigurationList = CC51029B2774FEC800C67CB1 /* Build configuration list for PBXProject "NotificationFireBase" */;
			compatibilityVersion = "Xcode 13.0";
			developmentRegion = en;
			hasScannedForEncodings = 0;
			knownRegions = (
				en,
				Base,
			);
			mainGroup = CC5102972774FEC800C67CB1;
			productRefGroup = CC5102A12774FEC800C67CB1 /* Products */;
			projectDirPath = "";
			projectRoot = "";
			targets = (
				CC51029F2774FEC800C67CB1 /* NotificationFireBase */,
			);
		};
/* End PBXProject section */

/* Begin PBXResourcesBuildPhase section */
		CC51029E2774FEC800C67CB1 /* Resources */ = {
			isa = PBXResourcesBuildPhase;
			buildActionMask = 2147483647;
			files = (
				CC5102B02774FECB00C67CB1 /* LaunchScreen.storyboard in Resources */,
				CC5102B82774FF4000C67CB1 /* GoogleService-Info.plist in Resources */,
				CC5102AD2774FECB00C67CB1 /* Assets.xcassets in Resources */,
				CC5102AB2774FEC800C67CB1 /* Main.storyboard in Resources */,
			);
			runOnlyForDeploymentPostprocessing = 0;
		};
/* End PBXResourcesBuildPhase section */

/* Begin PBXShellScriptBuildPhase section */
		5D85A8824023F34802F6AC91 /* [CP] Check Pods Manifest.lock */ = {
			isa = PBXShellScriptBuildPhase;
			buildActionMask = 2147483647;
			files = (
			);
			inputFileListPaths = (
			);
			inputPaths = (
				"${PODS_PODFILE_DIR_PATH}/Podfile.lock",
				"${PODS_ROOT}/Manifest.lock",
			);
			name = "[CP] Check Pods Manifest.lock";
			outputFileListPaths = (
			);
			outputPaths = (
				"$(DERIVED_FILE_DIR)/Pods-NotificationFireBase-checkManifestLockResult.txt",
			);
			runOnlyForDeploymentPostprocessing = 0;
			shellPath = /bin/sh;
			shellScript = "diff \"${PODS_PODFILE_DIR_PATH}/Podfile.lock\" \"${PODS_ROOT}/Manifest.lock\" > /dev/null\nif [ $? != 0 ] ; then\n    # print error to STDERR\n    echo \"error: The sandbox is not in sync with the Podfile.lock. Run 'pod install' or update your CocoaPods installation.\" >&2\n    exit 1\nfi\n# This output is used by Xcode 'outputs' to avoid re-running this script phase.\necho \"SUCCESS\" > \"${SCRIPT_OUTPUT_FILE_0}\"\n";
			showEnvVarsInLog = 0;
		};
		F3E65C7FC3EABF7261A67970 /* [CP] Embed Pods Frameworks */ = {
			isa = PBXShellScriptBuildPhase;
			buildActionMask = 2147483647;
			files = (
			);
			inputFileListPaths = (
				"${PODS_ROOT}/Target Support Files/Pods-NotificationFireBase/Pods-NotificationFireBase-frameworks-${CONFIGURATION}-input-files.xcfilelist",
			);
			name = "[CP] Embed Pods Frameworks";
			outputFileListPaths = (
				"${PODS_ROOT}/Target Support Files/Pods-NotificationFireBase/Pods-NotificationFireBase-frameworks-${CONFIGURATION}-output-files.xcfilelist",
			);
			runOnlyForDeploymentPostprocessing = 0;
			shellPath = /bin/sh;
			shellScript = "\"${PODS_ROOT}/Target Support Files/Pods-NotificationFireBase/Pods-NotificationFireBase-frameworks.sh\"\n";
			showEnvVarsInLog = 0;
		};
/* End PBXShellScriptBuildPhase section */

/* Begin PBXSourcesBuildPhase section */
		CC51029C2774FEC800C67CB1 /* Sources */ = {
			isa = PBXSourcesBuildPhase;
			buildActionMask = 2147483647;
			files = (
				CC5102A82774FEC800C67CB1 /* ViewController.swift in Sources */,
				CC5102A42774FEC800C67CB1 /* AppDelegate.swift in Sources */,
				CC5102A62774FEC800C67CB1 /* SceneDelegate.swift in Sources */,
			);
			runOnlyForDeploymentPostprocessing = 0;
		};
/* End PBXSourcesBuildPhase section */

/* Begin PBXVariantGroup section */
		CC5102A92774FEC800C67CB1 /* Main.storyboard */ = {
			isa = PBXVariantGroup;
			children = (
				CC5102AA2774FEC800C67CB1 /* Base */,
			);
			name = Main.storyboard;
			sourceTree = "<group>";
		};
		CC5102AE2774FECB00C67CB1 /* LaunchScreen.storyboard */ = {
			isa = PBXVariantGroup;
			children = (
				CC5102AF2774FECB00C67CB1 /* Base */,
			);
			name = LaunchScreen.storyboard;
			sourceTree = "<group>";
		};
/* End PBXVariantGroup section */

/* Begin XCBuildConfiguration section */
		CC5102B22774FECB00C67CB1 /* Debug */ = {
			isa = XCBuildConfiguration;
			buildSettings = {
				ALWAYS_SEARCH_USER_PATHS = NO;
				CLANG_ANALYZER_NONNULL = YES;
				CLANG_ANALYZER_NUMBER_OBJECT_CONVERSION = YES_AGGRESSIVE;
				CLANG_CXX_LANGUAGE_STANDARD = "gnu++17";
				CLANG_CXX_LIBRARY = "libc++";
				CLANG_ENABLE_MODULES = YES;
				CLANG_ENABLE_OBJC_ARC = YES;
				CLANG_ENABLE_OBJC_WEAK = YES;
				CLANG_WARN_BLOCK_CAPTURE_AUTORELEASING = YES;
				CLANG_WARN_BOOL_CONVERSION = YES;
				CLANG_WARN_COMMA = YES;
				CLANG_WARN_CONSTANT_CONVERSION = YES;
				CLANG_WARN_DEPRECATED_OBJC_IMPLEMENTATIONS = YES;
				CLANG_WARN_DIRECT_OBJC_ISA_USAGE = YES_ERROR;
				CLANG_WARN_DOCUMENTATION_COMMENTS = YES;
				CLANG_WARN_EMPTY_BODY = YES;
				CLANG_WARN_ENUM_CONVERSION = YES;
				CLANG_WARN_INFINITE_RECURSION = YES;
				CLANG_WARN_INT_CONVERSION = YES;
				CLANG_WARN_NON_LITERAL_NULL_CONVERSION = YES;
				CLANG_WARN_OBJC_IMPLICIT_RETAIN_SELF = YES;
				CLANG_WARN_OBJC_LITERAL_CONVERSION = YES;
				CLANG_WARN_OBJC_ROOT_CLASS = YES_ERROR;
				CLANG_WARN_QUOTED_INCLUDE_IN_FRAMEWORK_HEADER = YES;
				CLANG_WARN_RANGE_LOOP_ANALYSIS = YES;
				CLANG_WARN_STRICT_PROTOTYPES = YES;
				CLANG_WARN_SUSPICIOUS_MOVE = YES;
				CLANG_WARN_UNGUARDED_AVAILABILITY = YES_AGGRESSIVE;
				CLANG_WARN_UNREACHABLE_CODE = YES;
				CLANG_WARN__DUPLICATE_METHOD_MATCH = YES;
				COPY_PHASE_STRIP = NO;
				DEBUG_INFORMATION_FORMAT = dwarf;
				ENABLE_STRICT_OBJC_MSGSEND = YES;
				ENABLE_TESTABILITY = YES;
				GCC_C_LANGUAGE_STANDARD = gnu11;
				GCC_DYNAMIC_NO_PIC = NO;
				GCC_NO_COMMON_BLOCKS = YES;
				GCC_OPTIMIZATION_LEVEL = 0;
				GCC_PREPROCESSOR_DEFINITIONS = (
					"DEBUG=1",
					"$(inherited)",
				);
				GCC_WARN_64_TO_32_BIT_CONVERSION = YES;
				GCC_WARN_ABOUT_RETURN_TYPE = YES_ERROR;
				GCC_WARN_UNDECLARED_SELECTOR = YES;
				GCC_WARN_UNINITIALIZED_AUTOS = YES_AGGRESSIVE;
				GCC_WARN_UNUSED_FUNCTION = YES;
				GCC_WARN_UNUSED_VARIABLE = YES;
				IPHONEOS_DEPLOYMENT_TARGET = 15.0;
				MTL_ENABLE_DEBUG_INFO = INCLUDE_SOURCE;
				MTL_FAST_MATH = YES;
				ONLY_ACTIVE_ARCH = YES;
				SDKROOT = iphoneos;
				SWIFT_ACTIVE_COMPILATION_CONDITIONS = DEBUG;
				SWIFT_OPTIMIZATION_LEVEL = "-Onone";
			};
			name = Debug;
		};
		CC5102B32774FECB00C67CB1 /* Release */ = {
			isa = XCBuildConfiguration;
			buildSettings = {
				ALWAYS_SEARCH_USER_PATHS = NO;
				CLANG_ANALYZER_NONNULL = YES;
				CLANG_ANALYZER_NUMBER_OBJECT_CONVERSION = YES_AGGRESSIVE;
				CLANG_CXX_LANGUAGE_STANDARD = "gnu++17";
				CLANG_CXX_LIBRARY = "libc++";
				CLANG_ENABLE_MODULES = YES;
				CLANG_ENABLE_OBJC_ARC = YES;
				CLANG_ENABLE_OBJC_WEAK = YES;
				CLANG_WARN_BLOCK_CAPTURE_AUTORELEASING = YES;
				CLANG_WARN_BOOL_CONVERSION = YES;
				CLANG_WARN_COMMA = YES;
				CLANG_WARN_CONSTANT_CONVERSION = YES;
				CLANG_WARN_DEPRECATED_OBJC_IMPLEMENTATIONS = YES;
				CLANG_WARN_DIRECT_OBJC_ISA_USAGE = YES_ERROR;
				CLANG_WARN_DOCUMENTATION_COMMENTS = YES;
				CLANG_WARN_EMPTY_BODY = YES;
				CLANG_WARN_ENUM_CONVERSION = YES;
				CLANG_WARN_INFINITE_RECURSION = YES;
				CLANG_WARN_INT_CONVERSION = YES;
				CLANG_WARN_NON_LITERAL_NULL_CONVERSION = YES;
				CLANG_WARN_OBJC_IMPLICIT_RETAIN_SELF = YES;
				CLANG_WARN_OBJC_LITERAL_CONVERSION = YES;
				CLANG_WARN_OBJC_ROOT_CLASS = YES_ERROR;
				CLANG_WARN_QUOTED_INCLUDE_IN_FRAMEWORK_HEADER = YES;
				CLANG_WARN_RANGE_LOOP_ANALYSIS = YES;
				CLANG_WARN_STRICT_PROTOTYPES = YES;
				CLANG_WARN_SUSPICIOUS_MOVE = YES;
				CLANG_WARN_UNGUARDED_AVAILABILITY = YES_AGGRESSIVE;
				CLANG_WARN_UNREACHABLE_CODE = YES;
				CLANG_WARN__DUPLICATE_METHOD_MATCH = YES;
				COPY_PHASE_STRIP = NO;
				DEBUG_INFORMATION_FORMAT = "dwarf-with-dsym";
				ENABLE_NS_ASSERTIONS = NO;
				ENABLE_STRICT_OBJC_MSGSEND = YES;
				GCC_C_LANGUAGE_STANDARD = gnu11;
				GCC_NO_COMMON_BLOCKS = YES;
				GCC_WARN_64_TO_32_BIT_CONVERSION = YES;
				GCC_WARN_ABOUT_RETURN_TYPE = YES_ERROR;
				GCC_WARN_UNDECLARED_SELECTOR = YES;
				GCC_WARN_UNINITIALIZED_AUTOS = YES_AGGRESSIVE;
				GCC_WARN_UNUSED_FUNCTION = YES;
				GCC_WARN_UNUSED_VARIABLE = YES;
				IPHONEOS_DEPLOYMENT_TARGET = 15.0;
				MTL_ENABLE_DEBUG_INFO = NO;
				MTL_FAST_MATH = YES;
				SDKROOT = iphoneos;
				SWIFT_COMPILATION_MODE = wholemodule;
				SWIFT_OPTIMIZATION_LEVEL = "-O";
				VALIDATE_PRODUCT = YES;
			};
			name = Release;
		};
		CC5102B52774FECB00C67CB1 /* Debug */ = {
			isa = XCBuildConfiguration;
			baseConfigurationReference = E9319BA0F97EA96504353D22 /* Pods-NotificationFireBase.debug.xcconfig */;
			buildSettings = {
				ASSETCATALOG_COMPILER_APPICON_NAME = AppIcon;
				ASSETCATALOG_COMPILER_GLOBAL_ACCENT_COLOR_NAME = AccentColor;
				CODE_SIGN_ENTITLEMENTS = NotificationFireBase/NotificationFireBase.entitlements;
				CODE_SIGN_STYLE = Automatic;
				CURRENT_PROJECT_VERSION = 1;
				DEVELOPMENT_TEAM = L73M8R7276;
				GENERATE_INFOPLIST_FILE = YES;
				INFOPLIST_FILE = NotificationFireBase/Info.plist;
				INFOPLIST_KEY_UIApplicationSupportsIndirectInputEvents = YES;
				INFOPLIST_KEY_UILaunchStoryboardName = LaunchScreen;
				INFOPLIST_KEY_UIMainStoryboardFile = Main;
				INFOPLIST_KEY_UISupportedInterfaceOrientations_iPad = "UIInterfaceOrientationPortrait UIInterfaceOrientationPortraitUpsideDown UIInterfaceOrientationLandscapeLeft UIInterfaceOrientationLandscapeRight";
				INFOPLIST_KEY_UISupportedInterfaceOrientations_iPhone = "UIInterfaceOrientationPortrait UIInterfaceOrientationLandscapeLeft UIInterfaceOrientationLandscapeRight";
				IPHONEOS_DEPLOYMENT_TARGET = 14.7;
				LD_RUNPATH_SEARCH_PATHS = (
					"$(inherited)",
					"@executable_path/Frameworks",
				);
				MARKETING_VERSION = 1.0;
				PRODUCT_BUNDLE_IDENTIFIER = com.leemccormick.NotificationFireBase;
				PRODUCT_NAME = "$(TARGET_NAME)";
				SWIFT_EMIT_LOC_STRINGS = YES;
				SWIFT_VERSION = 5.0;
				TARGETED_DEVICE_FAMILY = "1,2";
			};
			name = Debug;
		};
		CC5102B62774FECB00C67CB1 /* Release */ = {
			isa = XCBuildConfiguration;
			baseConfigurationReference = 29FA6E0E413750E7F9EA5138 /* Pods-NotificationFireBase.release.xcconfig */;
			buildSettings = {
				ASSETCATALOG_COMPILER_APPICON_NAME = AppIcon;
				ASSETCATALOG_COMPILER_GLOBAL_ACCENT_COLOR_NAME = AccentColor;
				CODE_SIGN_ENTITLEMENTS = NotificationFireBase/NotificationFireBase.entitlements;
				CODE_SIGN_STYLE = Automatic;
				CURRENT_PROJECT_VERSION = 1;
				DEVELOPMENT_TEAM = L73M8R7276;
				GENERATE_INFOPLIST_FILE = YES;
				INFOPLIST_FILE = NotificationFireBase/Info.plist;
				INFOPLIST_KEY_UIApplicationSupportsIndirectInputEvents = YES;
				INFOPLIST_KEY_UILaunchStoryboardName = LaunchScreen;
				INFOPLIST_KEY_UIMainStoryboardFile = Main;
				INFOPLIST_KEY_UISupportedInterfaceOrientations_iPad = "UIInterfaceOrientationPortrait UIInterfaceOrientationPortraitUpsideDown UIInterfaceOrientationLandscapeLeft UIInterfaceOrientationLandscapeRight";
				INFOPLIST_KEY_UISupportedInterfaceOrientations_iPhone = "UIInterfaceOrientationPortrait UIInterfaceOrientationLandscapeLeft UIInterfaceOrientationLandscapeRight";
				IPHONEOS_DEPLOYMENT_TARGET = 14.7;
				LD_RUNPATH_SEARCH_PATHS = (
					"$(inherited)",
					"@executable_path/Frameworks",
				);
				MARKETING_VERSION = 1.0;
				PRODUCT_BUNDLE_IDENTIFIER = com.leemccormick.NotificationFireBase;
				PRODUCT_NAME = "$(TARGET_NAME)";
				SWIFT_EMIT_LOC_STRINGS = YES;
				SWIFT_VERSION = 5.0;
				TARGETED_DEVICE_FAMILY = "1,2";
			};
			name = Release;
		};
/* End XCBuildConfiguration section */

/* Begin XCConfigurationList section */
		CC51029B2774FEC800C67CB1 /* Build configuration list for PBXProject "NotificationFireBase" */ = {
			isa = XCConfigurationList;
			buildConfigurations = (
				CC5102B22774FECB00C67CB1 /* Debug */,
				CC5102B32774FECB00C67CB1 /* Release */,
			);
			defaultConfigurationIsVisible = 0;
			defaultConfigurationName = Release;
		};
		CC5102B42774FECB00C67CB1 /* Build configuration list for PBXNativeTarget "NotificationFireBase" */ = {
			isa = XCConfigurationList;
			buildConfigurations = (
				CC5102B52774FECB00C67CB1 /* Debug */,
				CC5102B62774FECB00C67CB1 /* Release */,
			);
			defaultConfigurationIsVisible = 0;
			defaultConfigurationName = Release;
		};
/* End XCConfigurationList section */
	};
	rootObject = CC5102982774FEC800C67CB1 /* Project object */;
}
